// !$*UTF8*$!
{
	archiveVersion = 1;
	classes = {
	};
	objectVersion = 56;
	objects = {

/* Begin PBXBuildFile section */
		02F4CE702A7CB9A9001018DF /* AppDelegate.swift in Sources */ = {isa = PBXBuildFile; fileRef = 02F4CE6F2A7CB9A9001018DF /* AppDelegate.swift */; };
		02F4CE722A7CB9A9001018DF /* SceneDelegate.swift in Sources */ = {isa = PBXBuildFile; fileRef = 02F4CE712A7CB9A9001018DF /* SceneDelegate.swift */; };
		02F4CE742A7CB9A9001018DF /* ViewController.swift in Sources */ = {isa = PBXBuildFile; fileRef = 02F4CE732A7CB9A9001018DF /* ViewController.swift */; };
		02F4CE772A7CB9A9001018DF /* Main.storyboard in Resources */ = {isa = PBXBuildFile; fileRef = 02F4CE752A7CB9A9001018DF /* Main.storyboard */; };
		02F4CE792A7CB9AA001018DF /* Assets.xcassets in Resources */ = {isa = PBXBuildFile; fileRef = 02F4CE782A7CB9AA001018DF /* Assets.xcassets */; };
		02F4CE7C2A7CB9AA001018DF /* LaunchScreen.storyboard in Resources */ = {isa = PBXBuildFile; fileRef = 02F4CE7A2A7CB9AA001018DF /* LaunchScreen.storyboard */; };
		02F4CE842A7CC370001018DF /* MainCollectionViewCell.swift in Sources */ = {isa = PBXBuildFile; fileRef = 02F4CE832A7CC370001018DF /* MainCollectionViewCell.swift */; };
		02F4CE862A7CC602001018DF /* MainViewController.swift in Sources */ = {isa = PBXBuildFile; fileRef = 02F4CE852A7CC602001018DF /* MainViewController.swift */; };
		02F4CE882A7D20B6001018DF /* AlertViewController.swift in Sources */ = {isa = PBXBuildFile; fileRef = 02F4CE872A7D20B6001018DF /* AlertViewController.swift */; };
		02F4CE8A2A7E0D3D001018DF /* DetailViewController.swift in Sources */ = {isa = PBXBuildFile; fileRef = 02F4CE892A7E0D3D001018DF /* DetailViewController.swift */; };
		02F4CE8C2A7E1C39001018DF /* SettingViewController.swift in Sources */ = {isa = PBXBuildFile; fileRef = 02F4CE8B2A7E1C39001018DF /* SettingViewController.swift */; };
		02F4CE8E2A7E28E4001018DF /* settingTableViewCell.swift in Sources */ = {isa = PBXBuildFile; fileRef = 02F4CE8D2A7E28E4001018DF /* settingTableViewCell.swift */; };
		02F4CE902A7E90AE001018DF /* nicknameViewController.swift in Sources */ = {isa = PBXBuildFile; fileRef = 02F4CE8F2A7E90AE001018DF /* nicknameViewController.swift */; };
/* End PBXBuildFile section */

/* Begin PBXFileReference section */
		02F4CE6C2A7CB9A9001018DF /* Tamagotchi.app */ = {isa = PBXFileReference; explicitFileType = wrapper.application; includeInIndex = 0; path = Tamagotchi.app; sourceTree = BUILT_PRODUCTS_DIR; };
		02F4CE6F2A7CB9A9001018DF /* AppDelegate.swift */ = {isa = PBXFileReference; lastKnownFileType = sourcecode.swift; path = AppDelegate.swift; sourceTree = "<group>"; };
		02F4CE712A7CB9A9001018DF /* SceneDelegate.swift */ = {isa = PBXFileReference; lastKnownFileType = sourcecode.swift; path = SceneDelegate.swift; sourceTree = "<group>"; };
		02F4CE732A7CB9A9001018DF /* ViewController.swift */ = {isa = PBXFileReference; lastKnownFileType = sourcecode.swift; path = ViewController.swift; sourceTree = "<group>"; };
		02F4CE762A7CB9A9001018DF /* Base */ = {isa = PBXFileReference; lastKnownFileType = file.storyboard; name = Base; path = Base.lproj/Main.storyboard; sourceTree = "<group>"; };
		02F4CE782A7CB9AA001018DF /* Assets.xcassets */ = {isa = PBXFileReference; lastKnownFileType = folder.assetcatalog; path = Assets.xcassets; sourceTree = "<group>"; };
		02F4CE7B2A7CB9AA001018DF /* Base */ = {isa = PBXFileReference; lastKnownFileType = file.storyboard; name = Base; path = Base.lproj/LaunchScreen.storyboard; sourceTree = "<group>"; };
		02F4CE7D2A7CB9AA001018DF /* Info.plist */ = {isa = PBXFileReference; lastKnownFileType = text.plist.xml; path = Info.plist; sourceTree = "<group>"; };
		02F4CE832A7CC370001018DF /* MainCollectionViewCell.swift */ = {isa = PBXFileReference; lastKnownFileType = sourcecode.swift; path = MainCollectionViewCell.swift; sourceTree = "<group>"; };
		02F4CE852A7CC602001018DF /* MainViewController.swift */ = {isa = PBXFileReference; lastKnownFileType = sourcecode.swift; path = MainViewController.swift; sourceTree = "<group>"; };
		02F4CE872A7D20B6001018DF /* AlertViewController.swift */ = {isa = PBXFileReference; lastKnownFileType = sourcecode.swift; path = AlertViewController.swift; sourceTree = "<group>"; };
		02F4CE892A7E0D3D001018DF /* DetailViewController.swift */ = {isa = PBXFileReference; lastKnownFileType = sourcecode.swift; path = DetailViewController.swift; sourceTree = "<group>"; };
		02F4CE8B2A7E1C39001018DF /* SettingViewController.swift */ = {isa = PBXFileReference; lastKnownFileType = sourcecode.swift; path = SettingViewController.swift; sourceTree = "<group>"; };
		02F4CE8D2A7E28E4001018DF /* settingTableViewCell.swift */ = {isa = PBXFileReference; lastKnownFileType = sourcecode.swift; path = settingTableViewCell.swift; sourceTree = "<group>"; };
		02F4CE8F2A7E90AE001018DF /* nicknameViewController.swift */ = {isa = PBXFileReference; lastKnownFileType = sourcecode.swift; path = nicknameViewController.swift; sourceTree = "<group>"; };
/* End PBXFileReference section */

/* Begin PBXFrameworksBuildPhase section */
		02F4CE692A7CB9A9001018DF /* Frameworks */ = {
			isa = PBXFrameworksBuildPhase;
			buildActionMask = 2147483647;
			files = (
			);
			runOnlyForDeploymentPostprocessing = 0;
		};
/* End PBXFrameworksBuildPhase section */

/* Begin PBXGroup section */
		02F4CE632A7CB9A9001018DF = {
			isa = PBXGroup;
			children = (
				02F4CE6E2A7CB9A9001018DF /* Tamagotchi */,
				02F4CE6D2A7CB9A9001018DF /* Products */,
			);
			sourceTree = "<group>";
		};
		02F4CE6D2A7CB9A9001018DF /* Products */ = {
			isa = PBXGroup;
			children = (
				02F4CE6C2A7CB9A9001018DF /* Tamagotchi.app */,
			);
			name = Products;
			sourceTree = "<group>";
		};
		02F4CE6E2A7CB9A9001018DF /* Tamagotchi */ = {
			isa = PBXGroup;
			children = (
				02F4CE6F2A7CB9A9001018DF /* AppDelegate.swift */,
				02F4CE712A7CB9A9001018DF /* SceneDelegate.swift */,
				02F4CE732A7CB9A9001018DF /* ViewController.swift */,
				02F4CE752A7CB9A9001018DF /* Main.storyboard */,
				02F4CE8F2A7E90AE001018DF /* nicknameViewController.swift */,
				02F4CE8D2A7E28E4001018DF /* settingTableViewCell.swift */,
				02F4CE8B2A7E1C39001018DF /* SettingViewController.swift */,
				02F4CE892A7E0D3D001018DF /* DetailViewController.swift */,
				02F4CE872A7D20B6001018DF /* AlertViewController.swift */,
				02F4CE852A7CC602001018DF /* MainViewController.swift */,
				02F4CE832A7CC370001018DF /* MainCollectionViewCell.swift */,
				02F4CE782A7CB9AA001018DF /* Assets.xcassets */,
				02F4CE7A2A7CB9AA001018DF /* LaunchScreen.storyboard */,
				02F4CE7D2A7CB9AA001018DF /* Info.plist */,
			);
			path = Tamagotchi;
			sourceTree = "<group>";
		};
/* End PBXGroup section */

/* Begin PBXNativeTarget section */
		02F4CE6B2A7CB9A9001018DF /* Tamagotchi */ = {
			isa = PBXNativeTarget;
			buildConfigurationList = 02F4CE802A7CB9AA001018DF /* Build configuration list for PBXNativeTarget "Tamagotchi" */;
			buildPhases = (
				02F4CE682A7CB9A9001018DF /* Sources */,
				02F4CE692A7CB9A9001018DF /* Frameworks */,
				02F4CE6A2A7CB9A9001018DF /* Resources */,
			);
			buildRules = (
			);
			dependencies = (
			);
			name = Tamagotchi;
			productName = Tamagotchi;
			productReference = 02F4CE6C2A7CB9A9001018DF /* Tamagotchi.app */;
			productType = "com.apple.product-type.application";
		};
/* End PBXNativeTarget section */

/* Begin PBXProject section */
		02F4CE642A7CB9A9001018DF /* Project object */ = {
			isa = PBXProject;
			attributes = {
				BuildIndependentTargetsInParallel = 1;
				LastSwiftUpdateCheck = 1430;
				LastUpgradeCheck = 1430;
				TargetAttributes = {
					02F4CE6B2A7CB9A9001018DF = {
						CreatedOnToolsVersion = 14.3.1;
					};
				};
			};
			buildConfigurationList = 02F4CE672A7CB9A9001018DF /* Build configuration list for PBXProject "Tamagotchi" */;
			compatibilityVersion = "Xcode 14.0";
			developmentRegion = en;
			hasScannedForEncodings = 0;
			knownRegions = (
				en,
				Base,
			);
			mainGroup = 02F4CE632A7CB9A9001018DF;
			productRefGroup = 02F4CE6D2A7CB9A9001018DF /* Products */;
			projectDirPath = "";
			projectRoot = "";
			targets = (
				02F4CE6B2A7CB9A9001018DF /* Tamagotchi */,
			);
		};
/* End PBXProject section */

/* Begin PBXResourcesBuildPhase section */
		02F4CE6A2A7CB9A9001018DF /* Resources */ = {
			isa = PBXResourcesBuildPhase;
			buildActionMask = 2147483647;
			files = (
				02F4CE7C2A7CB9AA001018DF /* LaunchScreen.storyboard in Resources */,
				02F4CE792A7CB9AA001018DF /* Assets.xcassets in Resources */,
				02F4CE772A7CB9A9001018DF /* Main.storyboard in Resources */,
			);
			runOnlyForDeploymentPostprocessing = 0;
		};
/* End PBXResourcesBuildPhase section */

/* Begin PBXSourcesBuildPhase section */
		02F4CE682A7CB9A9001018DF /* Sources */ = {
			isa = PBXSourcesBuildPhase;
			buildActionMask = 2147483647;
			files = (
				02F4CE742A7CB9A9001018DF /* ViewController.swift in Sources */,
				02F4CE702A7CB9A9001018DF /* AppDelegate.swift in Sources */,
				02F4CE722A7CB9A9001018DF /* SceneDelegate.swift in Sources */,
				02F4CE8C2A7E1C39001018DF /* SettingViewController.swift in Sources */,
				02F4CE902A7E90AE001018DF /* nicknameViewController.swift in Sources */,
				02F4CE882A7D20B6001018DF /* AlertViewController.swift in Sources */,
				02F4CE8E2A7E28E4001018DF /* settingTableViewCell.swift in Sources */,
				02F4CE842A7CC370001018DF /* MainCollectionViewCell.swift in Sources */,
				02F4CE862A7CC602001018DF /* MainViewController.swift in Sources */,
				02F4CE8A2A7E0D3D001018DF /* DetailViewController.swift in Sources */,
			);
			runOnlyForDeploymentPostprocessing = 0;
		};
/* End PBXSourcesBuildPhase section */

/* Begin PBXVariantGroup section */
		02F4CE752A7CB9A9001018DF /* Main.storyboard */ = {
			isa = PBXVariantGroup;
			children = (
				02F4CE762A7CB9A9001018DF /* Base */,
			);
			name = Main.storyboard;
			sourceTree = "<group>";
		};
		02F4CE7A2A7CB9AA001018DF /* LaunchScreen.storyboard */ = {
			isa = PBXVariantGroup;
			children = (
				02F4CE7B2A7CB9AA001018DF /* Base */,
			);
			name = LaunchScreen.storyboard;
			sourceTree = "<group>";
		};
/* End PBXVariantGroup section */

/* Begin XCBuildConfiguration section */
		02F4CE7E2A7CB9AA001018DF /* Debug */ = {
			isa = XCBuildConfiguration;
			buildSettings = {
				ALWAYS_SEARCH_USER_PATHS = NO;
				CLANG_ANALYZER_NONNULL = YES;
				CLANG_ANALYZER_NUMBER_OBJECT_CONVERSION = YES_AGGRESSIVE;
				CLANG_CXX_LANGUAGE_STANDARD = "gnu++20";
				CLANG_ENABLE_MODULES = YES;
				CLANG_ENABLE_OBJC_ARC = YES;
				CLANG_ENABLE_OBJC_WEAK = YES;
				CLANG_WARN_BLOCK_CAPTURE_AUTORELEASING = YES;
				CLANG_WARN_BOOL_CONVERSION = YES;
				CLANG_WARN_COMMA = YES;
				CLANG_WARN_CONSTANT_CONVERSION = YES;
				CLANG_WARN_DEPRECATED_OBJC_IMPLEMENTATIONS = YES;
				CLANG_WARN_DIRECT_OBJC_ISA_USAGE = YES_ERROR;
				CLANG_WARN_DOCUMENTATION_COMMENTS = YES;
				CLANG_WARN_EMPTY_BODY = YES;
				CLANG_WARN_ENUM_CONVERSION = YES;
				CLANG_WARN_INFINITE_RECURSION = YES;
				CLANG_WARN_INT_CONVERSION = YES;
				CLANG_WARN_NON_LITERAL_NULL_CONVERSION = YES;
				CLANG_WARN_OBJC_IMPLICIT_RETAIN_SELF = YES;
				CLANG_WARN_OBJC_LITERAL_CONVERSION = YES;
				CLANG_WARN_OBJC_ROOT_CLASS = YES_ERROR;
				CLANG_WARN_QUOTED_INCLUDE_IN_FRAMEWORK_HEADER = YES;
				CLANG_WARN_RANGE_LOOP_ANALYSIS = YES;
				CLANG_WARN_STRICT_PROTOTYPES = YES;
				CLANG_WARN_SUSPICIOUS_MOVE = YES;
				CLANG_WARN_UNGUARDED_AVAILABILITY = YES_AGGRESSIVE;
				CLANG_WARN_UNREACHABLE_CODE = YES;
				CLANG_WARN__DUPLICATE_METHOD_MATCH = YES;
				COPY_PHASE_STRIP = NO;
				DEBUG_INFORMATION_FORMAT = dwarf;
				ENABLE_STRICT_OBJC_MSGSEND = YES;
				ENABLE_TESTABILITY = YES;
				GCC_C_LANGUAGE_STANDARD = gnu11;
				GCC_DYNAMIC_NO_PIC = NO;
				GCC_NO_COMMON_BLOCKS = YES;
				GCC_OPTIMIZATION_LEVEL = 0;
				GCC_PREPROCESSOR_DEFINITIONS = (
					"DEBUG=1",
					"$(inherited)",
				);
				GCC_WARN_64_TO_32_BIT_CONVERSION = YES;
				GCC_WARN_ABOUT_RETURN_TYPE = YES_ERROR;
				GCC_WARN_UNDECLARED_SELECTOR = YES;
				GCC_WARN_UNINITIALIZED_AUTOS = YES_AGGRESSIVE;
				GCC_WARN_UNUSED_FUNCTION = YES;
				GCC_WARN_UNUSED_VARIABLE = YES;
				IPHONEOS_DEPLOYMENT_TARGET = 16.4;
				MTL_ENABLE_DEBUG_INFO = INCLUDE_SOURCE;
				MTL_FAST_MATH = YES;
				ONLY_ACTIVE_ARCH = YES;
				SDKROOT = iphoneos;
				SWIFT_ACTIVE_COMPILATION_CONDITIONS = DEBUG;
				SWIFT_OPTIMIZATION_LEVEL = "-Onone";
			};
			name = Debug;
		};
		02F4CE7F2A7CB9AA001018DF /* Release */ = {
			isa = XCBuildConfiguration;
			buildSettings = {
				ALWAYS_SEARCH_USER_PATHS = NO;
				CLANG_ANALYZER_NONNULL = YES;
				CLANG_ANALYZER_NUMBER_OBJECT_CONVERSION = YES_AGGRESSIVE;
				CLANG_CXX_LANGUAGE_STANDARD = "gnu++20";
				CLANG_ENABLE_MODULES = YES;
				CLANG_ENABLE_OBJC_ARC = YES;
				CLANG_ENABLE_OBJC_WEAK = YES;
				CLANG_WARN_BLOCK_CAPTURE_AUTORELEASING = YES;
				CLANG_WARN_BOOL_CONVERSION = YES;
				CLANG_WARN_COMMA = YES;
				CLANG_WARN_CONSTANT_CONVERSION = YES;
				CLANG_WARN_DEPRECATED_OBJC_IMPLEMENTATIONS = YES;
				CLANG_WARN_DIRECT_OBJC_ISA_USAGE = YES_ERROR;
				CLANG_WARN_DOCUMENTATION_COMMENTS = YES;
				CLANG_WARN_EMPTY_BODY = YES;
				CLANG_WARN_ENUM_CONVERSION = YES;
				CLANG_WARN_INFINITE_RECURSION = YES;
				CLANG_WARN_INT_CONVERSION = YES;
				CLANG_WARN_NON_LITERAL_NULL_CONVERSION = YES;
				CLANG_WARN_OBJC_IMPLICIT_RETAIN_SELF = YES;
				CLANG_WARN_OBJC_LITERAL_CONVERSION = YES;
				CLANG_WARN_OBJC_ROOT_CLASS = YES_ERROR;
				CLANG_WARN_QUOTED_INCLUDE_IN_FRAMEWORK_HEADER = YES;
				CLANG_WARN_RANGE_LOOP_ANALYSIS = YES;
				CLANG_WARN_STRICT_PROTOTYPES = YES;
				CLANG_WARN_SUSPICIOUS_MOVE = YES;
				CLANG_WARN_UNGUARDED_AVAILABILITY = YES_AGGRESSIVE;
				CLANG_WARN_UNREACHABLE_CODE = YES;
				CLANG_WARN__DUPLICATE_METHOD_MATCH = YES;
				COPY_PHASE_STRIP = NO;
				DEBUG_INFORMATION_FORMAT = "dwarf-with-dsym";
				ENABLE_NS_ASSERTIONS = NO;
				ENABLE_STRICT_OBJC_MSGSEND = YES;
				GCC_C_LANGUAGE_STANDARD = gnu11;
				GCC_NO_COMMON_BLOCKS = YES;
				GCC_WARN_64_TO_32_BIT_CONVERSION = YES;
				GCC_WARN_ABOUT_RETURN_TYPE = YES_ERROR;
				GCC_WARN_UNDECLARED_SELECTOR = YES;
				GCC_WARN_UNINITIALIZED_AUTOS = YES_AGGRESSIVE;
				GCC_WARN_UNUSED_FUNCTION = YES;
				GCC_WARN_UNUSED_VARIABLE = YES;
				IPHONEOS_DEPLOYMENT_TARGET = 16.4;
				MTL_ENABLE_DEBUG_INFO = NO;
				MTL_FAST_MATH = YES;
				SDKROOT = iphoneos;
				SWIFT_COMPILATION_MODE = wholemodule;
				SWIFT_OPTIMIZATION_LEVEL = "-O";
				VALIDATE_PRODUCT = YES;
			};
			name = Release;
		};
		02F4CE812A7CB9AA001018DF /* Debug */ = {
			isa = XCBuildConfiguration;
			buildSettings = {
				ASSETCATALOG_COMPILER_APPICON_NAME = AppIcon;
				ASSETCATALOG_COMPILER_GLOBAL_ACCENT_COLOR_NAME = AccentColor;
				CODE_SIGN_STYLE = Automatic;
				CURRENT_PROJECT_VERSION = 1;
				DEVELOPMENT_TEAM = DBXHWJCYZK;
				GENERATE_INFOPLIST_FILE = YES;
				INFOPLIST_FILE = Tamagotchi/Info.plist;
				INFOPLIST_KEY_CFBundleDisplayName = "이승현";
				INFOPLIST_KEY_UIApplicationSupportsIndirectInputEvents = YES;
				INFOPLIST_KEY_UILaunchStoryboardName = LaunchScreen;
				INFOPLIST_KEY_UIMainStoryboardFile = Main;
				INFOPLIST_KEY_UISupportedInterfaceOrientations = UIInterfaceOrientationPortrait;
				INFOPLIST_KEY_UISupportedInterfaceOrientations_iPad = "UIInterfaceOrientationLandscapeLeft UIInterfaceOrientationLandscapeRight UIInterfaceOrientationPortrait UIInterfaceOrientationPortraitUpsideDown";
				IPHONEOS_DEPLOYMENT_TARGET = 15.0;
				LD_RUNPATH_SEARCH_PATHS = (
					"$(inherited)",
					"@executable_path/Frameworks",
				);
				MARKETING_VERSION = 1.0;
				PRODUCT_BUNDLE_IDENTIFIER = com.lavender.sesac.Tamagotchi;
				PRODUCT_NAME = "$(TARGET_NAME)";
				SUPPORTED_PLATFORMS = "iphoneos iphonesimulator";
				SUPPORTS_MACCATALYST = NO;
				SUPPORTS_MAC_DESIGNED_FOR_IPHONE_IPAD = NO;
				SWIFT_EMIT_LOC_STRINGS = YES;
				SWIFT_VERSION = 5.0;
				TARGETED_DEVICE_FAMILY = 1;
			};
			name = Debug;
		};
		02F4CE822A7CB9AA001018DF /* Release */ = {
			isa = XCBuildConfiguration;
			buildSettings = {
				ASSETCATALOG_COMPILER_APPICON_NAME = AppIcon;
				ASSETCATALOG_COMPILER_GLOBAL_ACCENT_COLOR_NAME = AccentColor;
				CODE_SIGN_STYLE = Automatic;
				CURRENT_PROJECT_VERSION = 1;
				DEVELOPMENT_TEAM = DBXHWJCYZK;
				GENERATE_INFOPLIST_FILE = YES;
				INFOPLIST_FILE = Tamagotchi/Info.plist;
				INFOPLIST_KEY_CFBundleDisplayName = "이승현";
				INFOPLIST_KEY_UIApplicationSupportsIndirectInputEvents = YES;
				INFOPLIST_KEY_UILaunchStoryboardName = LaunchScreen;
				INFOPLIST_KEY_UIMainStoryboardFile = Main;
				INFOPLIST_KEY_UISupportedInterfaceOrientations = UIInterfaceOrientationPortrait;
				INFOPLIST_KEY_UISupportedInterfaceOrientations_iPad = "UIInterfaceOrientationLandscapeLeft UIInterfaceOrientationLandscapeRight UIInterfaceOrientationPortrait UIInterfaceOrientationPortraitUpsideDown";
				IPHONEOS_DEPLOYMENT_TARGET = 15.0;
				LD_RUNPATH_SEARCH_PATHS = (
					"$(inherited)",
					"@executable_path/Frameworks",
				);
				MARKETING_VERSION = 1.0;
				PRODUCT_BUNDLE_IDENTIFIER = com.lavender.sesac.Tamagotchi;
				PRODUCT_NAME = "$(TARGET_NAME)";
				SUPPORTED_PLATFORMS = "iphoneos iphonesimulator";
				SUPPORTS_MACCATALYST = NO;
				SUPPORTS_MAC_DESIGNED_FOR_IPHONE_IPAD = NO;
				SWIFT_EMIT_LOC_STRINGS = YES;
				SWIFT_VERSION = 5.0;
				TARGETED_DEVICE_FAMILY = 1;
			};
			name = Release;
		};
/* End XCBuildConfiguration section */

/* Begin XCConfigurationList section */
		02F4CE672A7CB9A9001018DF /* Build configuration list for PBXProject "Tamagotchi" */ = {
			isa = XCConfigurationList;
			buildConfigurations = (
				02F4CE7E2A7CB9AA001018DF /* Debug */,
				02F4CE7F2A7CB9AA001018DF /* Release */,
			);
			defaultConfigurationIsVisible = 0;
			defaultConfigurationName = Release;
		};
		02F4CE802A7CB9AA001018DF /* Build configuration list for PBXNativeTarget "Tamagotchi" */ = {
			isa = XCConfigurationList;
			buildConfigurations = (
				02F4CE812A7CB9AA001018DF /* Debug */,
				02F4CE822A7CB9AA001018DF /* Release */,
			);
			defaultConfigurationIsVisible = 0;
			defaultConfigurationName = Release;
		};
/* End XCConfigurationList section */
	};
	rootObject = 02F4CE642A7CB9A9001018DF /* Project object */;
}
